
Microsoft Visual Studio Solution File, Format Version 12.00
# Visual Studio 15
VisualStudioVersion = 15.0.28010.2016
MinimumVisualStudioVersion = 10.0.40219.1
Project("{FAE04EC0-301F-11D3-BF4B-00C04F79EFBC}") = "PlateRecog", "PlateRecog\PlateRecog.csproj", "{22713D61-0B92-470F-82F6-84EB57373FAD}"
EndProject
Global
	GlobalSection(SolutionConfigurationPlatforms) = preSolution
		Debug|Any CPU = Debug|Any CPU
		Release|Any CPU = Release|Any CPU
	EndGlobalSection
	GlobalSection(ProjectConfigurationPlatforms) = postSolution
		{22713D61-0B92-470F-82F6-84EB57373FAD}.Debug|Any CPU.ActiveCfg = Debug|Any CPU
		{22713D61-0B92-470F-82F6-84EB57373FAD}.Debug|Any CPU.Build.0 = Debug|Any CPU
		{22713D61-0B92-470F-82F6-84EB57373FAD}.Release|Any CPU.ActiveCfg = Release|Any CPU
		{22713D61-0B92-470F-82F6-84EB57373FAD}.Release|Any CPU.Build.0 = Release|Any CPU
	EndGlobalSection
	GlobalSection(SolutionProperties) = preSolution
		HideSolutionNode = FALSE
	EndGlobalSection
	GlobalSection(ExtensibilityGlobals) = postSolution
		SolutionGuid = {9AC8E1D6-F596-401A-8B88-2859F7A94B2A}
	EndGlobalSection
EndGlobal
